
Microsoft Visual Studio Solution File, Format Version 12.00
Project("{FAE04EC0-301F-11D3-BF4B-00C04F79EFBC}") = "PetStore_MVC", "PetStore_MVC\PetStore_MVC.csproj", "{693AD6F3-2F8E-4879-B775-D03EE38DCA85}"
EndProject
Global
	GlobalSection(SolutionConfigurationPlatforms) = preSolution
		Debug|Any CPU = Debug|Any CPU
		Release|Any CPU = Release|Any CPU
	EndGlobalSection
	GlobalSection(ProjectConfigurationPlatforms) = postSolution
		{693AD6F3-2F8E-4879-B775-D03EE38DCA85}.Debug|Any CPU.ActiveCfg = Debug|Any CPU
		{693AD6F3-2F8E-4879-B775-D03EE38DCA85}.Debug|Any CPU.Build.0 = Debug|Any CPU
		{693AD6F3-2F8E-4879-B775-D03EE38DCA85}.Release|Any CPU.ActiveCfg = Release|Any CPU
		{693AD6F3-2F8E-4879-B775-D03EE38DCA85}.Release|Any CPU.Build.0 = Release|Any CPU
	EndGlobalSection
EndGlobal
